
Microsoft Visual Studio Solution File, Format Version 12.00
# Visual Studio Version 17
VisualStudioVersion = 17.6.33723.286
MinimumVisualStudioVersion = 10.0.40219.1
Project("{FAE04EC0-301F-11D3-BF4B-00C04F79EFBC}") = "LocalizationExampleDotNetCore", "LocalizationExampleDotNetCore\LocalizationExampleDotNetCore.csproj", "{A44486AD-50B4-487E-8866-69AB024654C1}"
EndProject
Global
	GlobalSection(SolutionConfigurationPlatforms) = preSolution
		Debug|Any CPU = Debug|Any CPU
		Release|Any CPU = Release|Any CPU
	EndGlobalSection
	GlobalSection(ProjectConfigurationPlatforms) = postSolution
		{A44486AD-50B4-487E-8866-69AB024654C1}.Debug|Any CPU.ActiveCfg = Debug|Any CPU
		{A44486AD-50B4-487E-8866-69AB024654C1}.Debug|Any CPU.Build.0 = Debug|Any CPU
		{A44486AD-50B4-487E-8866-69AB024654C1}.Release|Any CPU.ActiveCfg = Release|Any CPU
		{A44486AD-50B4-487E-8866-69AB024654C1}.Release|Any CPU.Build.0 = Release|Any CPU
	EndGlobalSection
	GlobalSection(SolutionProperties) = preSolution
		HideSolutionNode = FALSE
	EndGlobalSection
	GlobalSection(ExtensibilityGlobals) = postSolution
		SolutionGuid = {D2012BE7-3E82-4F09-B2BA-6DE7701804E5}
	EndGlobalSection
EndGlobal
